Microsoft Visual Studio Solution File, Format Version 12.00
# Visual Studio Version 17
VisualStudioVersion = 17.5.2.0
MinimumVisualStudioVersion = 10.0.40219.1
Project("{FAE04EC0-301F-11D3-BF4B-00C04F79EFBC}") = "PasswordManagementAPI", "PasswordManagementAPI.csproj", "{F513E24A-4971-93E8-4A97-1923AF34E7FD}"
EndProject
Global
	GlobalSection(SolutionConfigurationPlatforms) = preSolution
		Debug|Any CPU = Debug|Any CPU
		Release|Any CPU = Release|Any CPU
	EndGlobalSection
	GlobalSection(ProjectConfigurationPlatforms) = postSolution
		{F513E24A-4971-93E8-4A97-1923AF34E7FD}.Debug|Any CPU.ActiveCfg = Debug|Any CPU
		{F513E24A-4971-93E8-4A97-1923AF34E7FD}.Debug|Any CPU.Build.0 = Debug|Any CPU
		{F513E24A-4971-93E8-4A97-1923AF34E7FD}.Release|Any CPU.ActiveCfg = Release|Any CPU
		{F513E24A-4971-93E8-4A97-1923AF34E7FD}.Release|Any CPU.Build.0 = Release|Any CPU
	EndGlobalSection
	GlobalSection(SolutionProperties) = preSolution
		HideSolutionNode = FALSE
	EndGlobalSection
	GlobalSection(ExtensibilityGlobals) = postSolution
		SolutionGuid = {14AF926E-A259-4A30-968E-E07307F48CB0}
	EndGlobalSection
EndGlobal
